
Microsoft Visual Studio Solution File, Format Version 12.00
# Visual Studio Version 17
VisualStudioVersion = 17.8.34330.188
MinimumVisualStudioVersion = 10.0.40219.1
Project("{FAE04EC0-301F-11D3-BF4B-00C04F79EFBC}") = "laboratory_7", "laboratory_7\laboratory_7.csproj", "{EE1E89A8-257C-43D6-9B52-4C78F87AFE40}"
EndProject
Global
	GlobalSection(SolutionConfigurationPlatforms) = preSolution
		Debug|Any CPU = Debug|Any CPU
		Release|Any CPU = Release|Any CPU
	EndGlobalSection
	GlobalSection(ProjectConfigurationPlatforms) = postSolution
		{EE1E89A8-257C-43D6-9B52-4C78F87AFE40}.Debug|Any CPU.ActiveCfg = Debug|Any CPU
		{EE1E89A8-257C-43D6-9B52-4C78F87AFE40}.Debug|Any CPU.Build.0 = Debug|Any CPU
		{EE1E89A8-257C-43D6-9B52-4C78F87AFE40}.Release|Any CPU.ActiveCfg = Release|Any CPU
		{EE1E89A8-257C-43D6-9B52-4C78F87AFE40}.Release|Any CPU.Build.0 = Release|Any CPU
	EndGlobalSection
	GlobalSection(SolutionProperties) = preSolution
		HideSolutionNode = FALSE
	EndGlobalSection
	GlobalSection(ExtensibilityGlobals) = postSolution
		SolutionGuid = {39C1639B-024C-454E-9A26-5E85DBB5F5D6}
	EndGlobalSection
EndGlobal
